// !$*UTF8*$!
{
	archiveVersion = 1;
	classes = {
	};
	objectVersion = 48;
	objects = {

/* Begin PBXBuildFile section */
		5F014EED1FA17BD6001E1BD1 /* Model.swift in Sources */ = {isa = PBXBuildFile; fileRef = 5F014EEC1FA17BD6001E1BD1 /* Model.swift */; };
		5F014EEF1FA17EB5001E1BD1 /* URLPickerTableViewController.swift in Sources */ = {isa = PBXBuildFile; fileRef = 5F014EEE1FA17EB5001E1BD1 /* URLPickerTableViewController.swift */; };
		5F105AB01FB03C9600660202 /* DownloaderBrowser.swift in Sources */ = {isa = PBXBuildFile; fileRef = 5F105AAF1FB03C9600660202 /* DownloaderBrowser.swift */; };
		5F105AB21FB0492800660202 /* OBJTranscoder.swift in Sources */ = {isa = PBXBuildFile; fileRef = 5F105AB11FB0492700660202 /* OBJTranscoder.swift */; };
		5F5A29E61F84AF5700861E65 /* ARCamera+Decompose.m in Sources */ = {isa = PBXBuildFile; fileRef = 5F5A29E51F84AF5700861E65 /* ARCamera+Decompose.m */; };
		5FC574131F84A5A600E36CAF /* AppDelegate.swift in Sources */ = {isa = PBXBuildFile; fileRef = 5FC574121F84A5A600E36CAF /* AppDelegate.swift */; };
		5FC574151F84A5A600E36CAF /* ViewController.swift in Sources */ = {isa = PBXBuildFile; fileRef = 5FC574141F84A5A600E36CAF /* ViewController.swift */; };
		5FC574181F84A5A600E36CAF /* Main.storyboard in Resources */ = {isa = PBXBuildFile; fileRef = 5FC574161F84A5A600E36CAF /* Main.storyboard */; };
		5FC5741A1F84A5A600E36CAF /* Assets.xcassets in Resources */ = {isa = PBXBuildFile; fileRef = 5FC574191F84A5A600E36CAF /* Assets.xcassets */; };
		5FC5741D1F84A5A600E36CAF /* LaunchScreen.storyboard in Resources */ = {isa = PBXBuildFile; fileRef = 5FC5741B1F84A5A600E36CAF /* LaunchScreen.storyboard */; };
		86A0B945D6E79532EE9A87A8 /* Pods_ARGlitch.framework in Frameworks */ = {isa = PBXBuildFile; fileRef = 5C4F13FE6ED76ECB67EB12A8 /* Pods_ARGlitch.framework */; };
/* End PBXBuildFile section */

/* Begin PBXFileReference section */
		006CF8FDA33604A7F800DF71 /* Pods-ARGlitch.release.xcconfig */ = {isa = PBXFileReference; includeInIndex = 1; lastKnownFileType = text.xcconfig; name = "Pods-ARGlitch.release.xcconfig"; path = "Pods/Target Support Files/Pods-ARGlitch/Pods-ARGlitch.release.xcconfig"; sourceTree = "<group>"; };
		15F25EC4198B0BF4C24C3215 /* Pods-ARGlitch.debug.xcconfig */ = {isa = PBXFileReference; includeInIndex = 1; lastKnownFileType = text.xcconfig; name = "Pods-ARGlitch.debug.xcconfig"; path = "Pods/Target Support Files/Pods-ARGlitch/Pods-ARGlitch.debug.xcconfig"; sourceTree = "<group>"; };
		5C4F13FE6ED76ECB67EB12A8 /* Pods_ARGlitch.framework */ = {isa = PBXFileReference; explicitFileType = wrapper.framework; includeInIndex = 0; path = Pods_ARGlitch.framework; sourceTree = BUILT_PRODUCTS_DIR; };
		5F014EEC1FA17BD6001E1BD1 /* Model.swift */ = {isa = PBXFileReference; lastKnownFileType = sourcecode.swift; path = Model.swift; sourceTree = "<group>"; };
		5F014EEE1FA17EB5001E1BD1 /* URLPickerTableViewController.swift */ = {isa = PBXFileReference; lastKnownFileType = sourcecode.swift; path = URLPickerTableViewController.swift; sourceTree = "<group>"; };
		5F105AAF1FB03C9600660202 /* DownloaderBrowser.swift */ = {isa = PBXFileReference; lastKnownFileType = sourcecode.swift; path = DownloaderBrowser.swift; sourceTree = "<group>"; };
		5F105AB11FB0492700660202 /* OBJTranscoder.swift */ = {isa = PBXFileReference; lastKnownFileType = sourcecode.swift; path = OBJTranscoder.swift; sourceTree = "<group>"; };
		5F5A29E31F84AF5700861E65 /* ARGlitch-Bridging-Header.h */ = {isa = PBXFileReference; lastKnownFileType = sourcecode.c.h; path = "ARGlitch-Bridging-Header.h"; sourceTree = "<group>"; };
		5F5A29E41F84AF5700861E65 /* ARCamera+Decompose.h */ = {isa = PBXFileReference; lastKnownFileType = sourcecode.c.h; path = "ARCamera+Decompose.h"; sourceTree = "<group>"; };
		5F5A29E51F84AF5700861E65 /* ARCamera+Decompose.m */ = {isa = PBXFileReference; lastKnownFileType = sourcecode.c.objc; path = "ARCamera+Decompose.m"; sourceTree = "<group>"; };
		5FC5740F1F84A5A600E36CAF /* ARGlitch.app */ = {isa = PBXFileReference; explicitFileType = wrapper.application; includeInIndex = 0; path = ARGlitch.app; sourceTree = BUILT_PRODUCTS_DIR; };
		5FC574121F84A5A600E36CAF /* AppDelegate.swift */ = {isa = PBXFileReference; lastKnownFileType = sourcecode.swift; path = AppDelegate.swift; sourceTree = "<group>"; };
		5FC574141F84A5A600E36CAF /* ViewController.swift */ = {isa = PBXFileReference; lastKnownFileType = sourcecode.swift; path = ViewController.swift; sourceTree = "<group>"; };
		5FC574171F84A5A600E36CAF /* Base */ = {isa = PBXFileReference; lastKnownFileType = file.storyboard; name = Base; path = Base.lproj/Main.storyboard; sourceTree = "<group>"; };
		5FC574191F84A5A600E36CAF /* Assets.xcassets */ = {isa = PBXFileReference; lastKnownFileType = folder.assetcatalog; path = Assets.xcassets; sourceTree = "<group>"; };
		5FC5741C1F84A5A600E36CAF /* Base */ = {isa = PBXFileReference; lastKnownFileType = file.storyboard; name = Base; path = Base.lproj/LaunchScreen.storyboard; sourceTree = "<group>"; };
		5FC5741E1F84A5A600E36CAF /* Info.plist */ = {isa = PBXFileReference; lastKnownFileType = text.plist.xml; path = Info.plist; sourceTree = "<group>"; };
/* End PBXFileReference section */

/* Begin PBXFrameworksBuildPhase section */
		5FC5740C1F84A5A600E36CAF /* Frameworks */ = {
			isa = PBXFrameworksBuildPhase;
			buildActionMask = 2147483647;
			files = (
				86A0B945D6E79532EE9A87A8 /* Pods_ARGlitch.framework in Frameworks */,
			);
			runOnlyForDeploymentPostprocessing = 0;
		};
/* End PBXFrameworksBuildPhase section */

/* Begin PBXGroup section */
		49B88F2DEA0D549B3C2380A9 /* Pods */ = {
			isa = PBXGroup;
			children = (
				15F25EC4198B0BF4C24C3215 /* Pods-ARGlitch.debug.xcconfig */,
				006CF8FDA33604A7F800DF71 /* Pods-ARGlitch.release.xcconfig */,
			);
			name = Pods;
			sourceTree = "<group>";
		};
		5FC574061F84A5A600E36CAF = {
			isa = PBXGroup;
			children = (
				5FC574111F84A5A600E36CAF /* ARGlitch */,
				5FC574101F84A5A600E36CAF /* Products */,
				49B88F2DEA0D549B3C2380A9 /* Pods */,
				B7A04FE9B28F5535900B3628 /* Frameworks */,
			);
			sourceTree = "<group>";
		};
		5FC574101F84A5A600E36CAF /* Products */ = {
			isa = PBXGroup;
			children = (
				5FC5740F1F84A5A600E36CAF /* ARGlitch.app */,
			);
			name = Products;
			sourceTree = "<group>";
		};
		5FC574111F84A5A600E36CAF /* ARGlitch */ = {
			isa = PBXGroup;
			children = (
				5FC574121F84A5A600E36CAF /* AppDelegate.swift */,
				5FC574141F84A5A600E36CAF /* ViewController.swift */,
				5F014EEE1FA17EB5001E1BD1 /* URLPickerTableViewController.swift */,
				5F014EEC1FA17BD6001E1BD1 /* Model.swift */,
				5F5A29E41F84AF5700861E65 /* ARCamera+Decompose.h */,
				5F5A29E51F84AF5700861E65 /* ARCamera+Decompose.m */,
				5F105AAF1FB03C9600660202 /* DownloaderBrowser.swift */,
				5F105AB11FB0492700660202 /* OBJTranscoder.swift */,
				5FC574161F84A5A600E36CAF /* Main.storyboard */,
				5FC574191F84A5A600E36CAF /* Assets.xcassets */,
				5FC5741B1F84A5A600E36CAF /* LaunchScreen.storyboard */,
				5FC5741E1F84A5A600E36CAF /* Info.plist */,
				5F5A29E31F84AF5700861E65 /* ARGlitch-Bridging-Header.h */,
			);
			path = ARGlitch;
			sourceTree = "<group>";
		};
		B7A04FE9B28F5535900B3628 /* Frameworks */ = {
			isa = PBXGroup;
			children = (
				5C4F13FE6ED76ECB67EB12A8 /* Pods_ARGlitch.framework */,
			);
			name = Frameworks;
			sourceTree = "<group>";
		};
/* End PBXGroup section */

/* Begin PBXNativeTarget section */
		5FC5740E1F84A5A600E36CAF /* ARGlitch */ = {
			isa = PBXNativeTarget;
			buildConfigurationList = 5FC574211F84A5A600E36CAF /* Build configuration list for PBXNativeTarget "ARGlitch" */;
			buildPhases = (
				A62F598F05382B58EC5F5FA6 /* [CP] Check Pods Manifest.lock */,
				5FC5740B1F84A5A600E36CAF /* Sources */,
				5FC5740C1F84A5A600E36CAF /* Frameworks */,
				5FC5740D1F84A5A600E36CAF /* Resources */,
				30F0AC6579BE3C3071449D15 /* [CP] Embed Pods Frameworks */,
				3BCF58968B3264E79B6B086B /* [CP] Copy Pods Resources */,
			);
			buildRules = (
			);
			dependencies = (
			);
			name = ARGlitch;
			productName = ARGlitch;
			productReference = 5FC5740F1F84A5A600E36CAF /* ARGlitch.app */;
			productType = "com.apple.product-type.application";
		};
/* End PBXNativeTarget section */

/* Begin PBXProject section */
		5FC574071F84A5A600E36CAF /* Project object */ = {
			isa = PBXProject;
			attributes = {
				LastSwiftUpdateCheck = 0900;
				LastUpgradeCheck = 0900;
				ORGANIZATIONNAME = "Nate Parrott";
				TargetAttributes = {
					5FC5740E1F84A5A600E36CAF = {
						CreatedOnToolsVersion = 9.0;
						LastSwiftMigration = 0900;
						ProvisioningStyle = Automatic;
					};
				};
			};
			buildConfigurationList = 5FC5740A1F84A5A600E36CAF /* Build configuration list for PBXProject "ARGlitch" */;
			compatibilityVersion = "Xcode 8.0";
			developmentRegion = en;
			hasScannedForEncodings = 0;
			knownRegions = (
				en,
				Base,
			);
			mainGroup = 5FC574061F84A5A600E36CAF;
			productRefGroup = 5FC574101F84A5A600E36CAF /* Products */;
			projectDirPath = "";
			projectRoot = "";
			targets = (
				5FC5740E1F84A5A600E36CAF /* ARGlitch */,
			);
		};
/* End PBXProject section */

/* Begin PBXResourcesBuildPhase section */
		5FC5740D1F84A5A600E36CAF /* Resources */ = {
			isa = PBXResourcesBuildPhase;
			buildActionMask = 2147483647;
			files = (
				5FC5741D1F84A5A600E36CAF /* LaunchScreen.storyboard in Resources */,
				5FC5741A1F84A5A600E36CAF /* Assets.xcassets in Resources */,
				5FC574181F84A5A600E36CAF /* Main.storyboard in Resources */,
			);
			runOnlyForDeploymentPostprocessing = 0;
		};
/* End PBXResourcesBuildPhase section */

/* Begin PBXShellScriptBuildPhase section */
		30F0AC6579BE3C3071449D15 /* [CP] Embed Pods Frameworks */ = {
			isa = PBXShellScriptBuildPhase;
			buildActionMask = 2147483647;
			files = (
			);
			inputPaths = (
				"${SRCROOT}/Pods/Target Support Files/Pods-ARGlitch/Pods-ARGlitch-frameworks.sh",
				"${BUILT_PRODUCTS_DIR}/GTMSessionFetcher/GTMSessionFetcher.framework",
				"${BUILT_PRODUCTS_DIR}/GoogleToolboxForMac/GoogleToolboxForMac.framework",
				"${BUILT_PRODUCTS_DIR}/ZIPFoundation/ZIPFoundation.framework",
				"${BUILT_PRODUCTS_DIR}/nanopb/nanopb.framework",
			);
			name = "[CP] Embed Pods Frameworks";
			outputPaths = (
				"${TARGET_BUILD_DIR}/${FRAMEWORKS_FOLDER_PATH}/GTMSessionFetcher.framework",
				"${TARGET_BUILD_DIR}/${FRAMEWORKS_FOLDER_PATH}/GoogleToolboxForMac.framework",
				"${TARGET_BUILD_DIR}/${FRAMEWORKS_FOLDER_PATH}/ZIPFoundation.framework",
				"${TARGET_BUILD_DIR}/${FRAMEWORKS_FOLDER_PATH}/nanopb.framework",
			);
			runOnlyForDeploymentPostprocessing = 0;
			shellPath = /bin/sh;
			shellScript = "\"${SRCROOT}/Pods/Target Support Files/Pods-ARGlitch/Pods-ARGlitch-frameworks.sh\"\n";
			showEnvVarsInLog = 0;
		};
		3BCF58968B3264E79B6B086B /* [CP] Copy Pods Resources */ = {
			isa = PBXShellScriptBuildPhase;
			buildActionMask = 2147483647;
			files = (
			);
			inputPaths = (
			);
			name = "[CP] Copy Pods Resources";
			outputPaths = (
			);
			runOnlyForDeploymentPostprocessing = 0;
			shellPath = /bin/sh;
			shellScript = "\"${SRCROOT}/Pods/Target Support Files/Pods-ARGlitch/Pods-ARGlitch-resources.sh\"\n";
			showEnvVarsInLog = 0;
		};
		A62F598F05382B58EC5F5FA6 /* [CP] Check Pods Manifest.lock */ = {
			isa = PBXShellScriptBuildPhase;
			buildActionMask = 2147483647;
			files = (
			);
			inputPaths = (
				"${PODS_PODFILE_DIR_PATH}/Podfile.lock",
				"${PODS_ROOT}/Manifest.lock",
			);
			name = "[CP] Check Pods Manifest.lock";
			outputPaths = (
				"$(DERIVED_FILE_DIR)/Pods-ARGlitch-checkManifestLockResult.txt",
			);
			runOnlyForDeploymentPostprocessing = 0;
			shellPath = /bin/sh;
			shellScript = "diff \"${PODS_PODFILE_DIR_PATH}/Podfile.lock\" \"${PODS_ROOT}/Manifest.lock\" > /dev/null\nif [ $? != 0 ] ; then\n    # print error to STDERR\n    echo \"error: The sandbox is not in sync with the Podfile.lock. Run 'pod install' or update your CocoaPods installation.\" >&2\n    exit 1\nfi\n# This output is used by Xcode 'outputs' to avoid re-running this script phase.\necho \"SUCCESS\" > \"${SCRIPT_OUTPUT_FILE_0}\"\n";
			showEnvVarsInLog = 0;
		};
/* End PBXShellScriptBuildPhase section */

/* Begin PBXSourcesBuildPhase section */
		5FC5740B1F84A5A600E36CAF /* Sources */ = {
			isa = PBXSourcesBuildPhase;
			buildActionMask = 2147483647;
			files = (
				5FC574151F84A5A600E36CAF /* ViewController.swift in Sources */,
				5F014EEF1FA17EB5001E1BD1 /* URLPickerTableViewController.swift in Sources */,
				5F5A29E61F84AF5700861E65 /* ARCamera+Decompose.m in Sources */,
				5F105AB01FB03C9600660202 /* DownloaderBrowser.swift in Sources */,
				5FC574131F84A5A600E36CAF /* AppDelegate.swift in Sources */,
				5F014EED1FA17BD6001E1BD1 /* Model.swift in Sources */,
				5F105AB21FB0492800660202 /* OBJTranscoder.swift in Sources */,
			);
			runOnlyForDeploymentPostprocessing = 0;
		};
/* End PBXSourcesBuildPhase section */

/* Begin PBXVariantGroup section */
		5FC574161F84A5A600E36CAF /* Main.storyboard */ = {
			isa = PBXVariantGroup;
			children = (
				5FC574171F84A5A600E36CAF /* Base */,
			);
			name = Main.storyboard;
			sourceTree = "<group>";
		};
		5FC5741B1F84A5A600E36CAF /* LaunchScreen.storyboard */ = {
			isa = PBXVariantGroup;
			children = (
				5FC5741C1F84A5A600E36CAF /* Base */,
			);
			name = LaunchScreen.storyboard;
			sourceTree = "<group>";
		};
/* End PBXVariantGroup section */

/* Begin XCBuildConfiguration section */
		5FC5741F1F84A5A600E36CAF /* Debug */ = {
			isa = XCBuildConfiguration;
			buildSettings = {
				ALWAYS_SEARCH_USER_PATHS = NO;
				CLANG_ANALYZER_NONNULL = YES;
				CLANG_ANALYZER_NUMBER_OBJECT_CONVERSION = YES_AGGRESSIVE;
				CLANG_CXX_LANGUAGE_STANDARD = "gnu++14";
				CLANG_CXX_LIBRARY = "libc++";
				CLANG_ENABLE_MODULES = YES;
				CLANG_ENABLE_OBJC_ARC = YES;
				CLANG_WARN_BLOCK_CAPTURE_AUTORELEASING = YES;
				CLANG_WARN_BOOL_CONVERSION = YES;
				CLANG_WARN_COMMA = YES;
				CLANG_WARN_CONSTANT_CONVERSION = YES;
				CLANG_WARN_DIRECT_OBJC_ISA_USAGE = YES_ERROR;
				CLANG_WARN_DOCUMENTATION_COMMENTS = YES;
				CLANG_WARN_EMPTY_BODY = YES;
				CLANG_WARN_ENUM_CONVERSION = YES;
				CLANG_WARN_INFINITE_RECURSION = YES;
				CLANG_WARN_INT_CONVERSION = YES;
				CLANG_WARN_NON_LITERAL_NULL_CONVERSION = YES;
				CLANG_WARN_OBJC_LITERAL_CONVERSION = YES;
				CLANG_WARN_OBJC_ROOT_CLASS = YES_ERROR;
				CLANG_WARN_RANGE_LOOP_ANALYSIS = YES;
				CLANG_WARN_STRICT_PROTOTYPES = YES;
				CLANG_WARN_SUSPICIOUS_MOVE = YES;
				CLANG_WARN_UNGUARDED_AVAILABILITY = YES_AGGRESSIVE;
				CLANG_WARN_UNREACHABLE_CODE = YES;
				CLANG_WARN__DUPLICATE_METHOD_MATCH = YES;
				CODE_SIGN_IDENTITY = "iPhone Developer";
				COPY_PHASE_STRIP = NO;
				DEBUG_INFORMATION_FORMAT = dwarf;
				ENABLE_STRICT_OBJC_MSGSEND = YES;
				ENABLE_TESTABILITY = YES;
				GCC_C_LANGUAGE_STANDARD = gnu11;
				GCC_DYNAMIC_NO_PIC = NO;
				GCC_NO_COMMON_BLOCKS = YES;
				GCC_OPTIMIZATION_LEVEL = 0;
				GCC_PREPROCESSOR_DEFINITIONS = (
					"DEBUG=1",
					"$(inherited)",
				);
				GCC_WARN_64_TO_32_BIT_CONVERSION = YES;
				GCC_WARN_ABOUT_RETURN_TYPE = YES_ERROR;
				GCC_WARN_UNDECLARED_SELECTOR = YES;
				GCC_WARN_UNINITIALIZED_AUTOS = YES_AGGRESSIVE;
				GCC_WARN_UNUSED_FUNCTION = YES;
				GCC_WARN_UNUSED_VARIABLE = YES;
				IPHONEOS_DEPLOYMENT_TARGET = 11.0;
				MTL_ENABLE_DEBUG_INFO = YES;
				ONLY_ACTIVE_ARCH = YES;
				SDKROOT = iphoneos;
				SWIFT_ACTIVE_COMPILATION_CONDITIONS = DEBUG;
				SWIFT_OPTIMIZATION_LEVEL = "-Onone";
			};
			name = Debug;
		};
		5FC574201F84A5A600E36CAF /* Release */ = {
			isa = XCBuildConfiguration;
			buildSettings = {
				ALWAYS_SEARCH_USER_PATHS = NO;
				CLANG_ANALYZER_NONNULL = YES;
				CLANG_ANALYZER_NUMBER_OBJECT_CONVERSION = YES_AGGRESSIVE;
				CLANG_CXX_LANGUAGE_STANDARD = "gnu++14";
				CLANG_CXX_LIBRARY = "libc++";
				CLANG_ENABLE_MODULES = YES;
				CLANG_ENABLE_OBJC_ARC = YES;
				CLANG_WARN_BLOCK_CAPTURE_AUTORELEASING = YES;
				CLANG_WARN_BOOL_CONVERSION = YES;
				CLANG_WARN_COMMA = YES;
				CLANG_WARN_CONSTANT_CONVERSION = YES;
				CLANG_WARN_DIRECT_OBJC_ISA_USAGE = YES_ERROR;
				CLANG_WARN_DOCUMENTATION_COMMENTS = YES;
				CLANG_WARN_EMPTY_BODY = YES;
				CLANG_WARN_ENUM_CONVERSION = YES;
				CLANG_WARN_INFINITE_RECURSION = YES;
				CLANG_WARN_INT_CONVERSION = YES;
				CLANG_WARN_NON_LITERAL_NULL_CONVERSION = YES;
				CLANG_WARN_OBJC_LITERAL_CONVERSION = YES;
				CLANG_WARN_OBJC_ROOT_CLASS = YES_ERROR;
				CLANG_WARN_RANGE_LOOP_ANALYSIS = YES;
				CLANG_WARN_STRICT_PROTOTYPES = YES;
				CLANG_WARN_SUSPICIOUS_MOVE = YES;
				CLANG_WARN_UNGUARDED_AVAILABILITY = YES_AGGRESSIVE;
				CLANG_WARN_UNREACHABLE_CODE = YES;
				CLANG_WARN__DUPLICATE_METHOD_MATCH = YES;
				CODE_SIGN_IDENTITY = "iPhone Developer";
				COPY_PHASE_STRIP = NO;
				DEBUG_INFORMATION_FORMAT = "dwarf-with-dsym";
				ENABLE_NS_ASSERTIONS = NO;
				ENABLE_STRICT_OBJC_MSGSEND = YES;
				GCC_C_LANGUAGE_STANDARD = gnu11;
				GCC_NO_COMMON_BLOCKS = YES;
				GCC_WARN_64_TO_32_BIT_CONVERSION = YES;
				GCC_WARN_ABOUT_RETURN_TYPE = YES_ERROR;
				GCC_WARN_UNDECLARED_SELECTOR = YES;
				GCC_WARN_UNINITIALIZED_AUTOS = YES_AGGRESSIVE;
				GCC_WARN_UNUSED_FUNCTION = YES;
				GCC_WARN_UNUSED_VARIABLE = YES;
				IPHONEOS_DEPLOYMENT_TARGET = 11.0;
				MTL_ENABLE_DEBUG_INFO = NO;
				SDKROOT = iphoneos;
				SWIFT_OPTIMIZATION_LEVEL = "-Owholemodule";
				VALIDATE_PRODUCT = YES;
			};
			name = Release;
		};
		5FC574221F84A5A600E36CAF /* Debug */ = {
			isa = XCBuildConfiguration;
			baseConfigurationReference = 15F25EC4198B0BF4C24C3215 /* Pods-ARGlitch.debug.xcconfig */;
			buildSettings = {
				ASSETCATALOG_COMPILER_APPICON_NAME = AppIcon;
				CLANG_ENABLE_MODULES = YES;
				CODE_SIGN_STYLE = Automatic;
				DEVELOPMENT_TEAM = VPN8ZW6EAC;
				INFOPLIST_FILE = ARGlitch/Info.plist;
				LD_RUNPATH_SEARCH_PATHS = "$(inherited) @executable_path/Frameworks";
				PRODUCT_BUNDLE_IDENTIFIER = com.nateparrott.ARGlitch;
				PRODUCT_NAME = "$(TARGET_NAME)";
				SWIFT_OBJC_BRIDGING_HEADER = "ARGlitch/ARGlitch-Bridging-Header.h";
				SWIFT_OPTIMIZATION_LEVEL = "-Onone";
				SWIFT_VERSION = 4.0;
				TARGETED_DEVICE_FAMILY = "1,2";
			};
			name = Debug;
		};
		5FC574231F84A5A600E36CAF /* Release */ = {
			isa = XCBuildConfiguration;
			baseConfigurationReference = 006CF8FDA33604A7F800DF71 /* Pods-ARGlitch.release.xcconfig */;
			buildSettings = {
				ASSETCATALOG_COMPILER_APPICON_NAME = AppIcon;
				CLANG_ENABLE_MODULES = YES;
				CODE_SIGN_STYLE = Automatic;
				DEVELOPMENT_TEAM = VPN8ZW6EAC;
				INFOPLIST_FILE = ARGlitch/Info.plist;
				LD_RUNPATH_SEARCH_PATHS = "$(inherited) @executable_path/Frameworks";
				PRODUCT_BUNDLE_IDENTIFIER = com.nateparrott.ARGlitch;
				PRODUCT_NAME = "$(TARGET_NAME)";
				SWIFT_OBJC_BRIDGING_HEADER = "ARGlitch/ARGlitch-Bridging-Header.h";
				SWIFT_VERSION = 4.0;
				TARGETED_DEVICE_FAMILY = "1,2";
			};
			name = Release;
		};
/* End XCBuildConfiguration section */

/* Begin XCConfigurationList section */
		5FC5740A1F84A5A600E36CAF /* Build configuration list for PBXProject "ARGlitch" */ = {
			isa = XCConfigurationList;
			buildConfigurations = (
				5FC5741F1F84A5A600E36CAF /* Debug */,
				5FC574201F84A5A600E36CAF /* Release */,
			);
			defaultConfigurationIsVisible = 0;
			defaultConfigurationName = Release;
		};
		5FC574211F84A5A600E36CAF /* Build configuration list for PBXNativeTarget "ARGlitch" */ = {
			isa = XCConfigurationList;
			buildConfigurations = (
				5FC574221F84A5A600E36CAF /* Debug */,
				5FC574231F84A5A600E36CAF /* Release */,
			);
			defaultConfigurationIsVisible = 0;
			defaultConfigurationName = Release;
		};
/* End XCConfigurationList section */
	};
	rootObject = 5FC574071F84A5A600E36CAF /* Project object */;
}
